
Microsoft Visual Studio Solution File, Format Version 12.00
# Visual Studio Version 17
VisualStudioVersion = 17.13.35818.85 d17.13
MinimumVisualStudioVersion = 10.0.40219.1
Project("{FAE04EC0-301F-11D3-BF4B-00C04F79EFBC}") = "BarbieLab", "BarbieLab\BarbieLab.csproj", "{43563F75-0284-47D0-8802-21E1601A9531}"
EndProject
Global
	GlobalSection(SolutionConfigurationPlatforms) = preSolution
		Debug|Any CPU = Debug|Any CPU
		Release|Any CPU = Release|Any CPU
	EndGlobalSection
	GlobalSection(ProjectConfigurationPlatforms) = postSolution
		{43563F75-0284-47D0-8802-21E1601A9531}.Debug|Any CPU.ActiveCfg = Debug|Any CPU
		{43563F75-0284-47D0-8802-21E1601A9531}.Debug|Any CPU.Build.0 = Debug|Any CPU
		{43563F75-0284-47D0-8802-21E1601A9531}.Release|Any CPU.ActiveCfg = Release|Any CPU
		{43563F75-0284-47D0-8802-21E1601A9531}.Release|Any CPU.Build.0 = Release|Any CPU
	EndGlobalSection
	GlobalSection(SolutionProperties) = preSolution
		HideSolutionNode = FALSE
	EndGlobalSection
	GlobalSection(ExtensibilityGlobals) = postSolution
		SolutionGuid = {34FD931C-42E2-454B-8E3C-8F5324BE7646}
	EndGlobalSection
EndGlobal
